
Microsoft Visual Studio Solution File, Format Version 12.00
# Visual Studio Version 17
VisualStudioVersion = 17.5.33502.453
MinimumVisualStudioVersion = 10.0.40219.1
Project("{FAE04EC0-301F-11D3-BF4B-00C04F79EFBC}") = "FlowerShop.Web", "FlowerShop.Web\FlowerShop.Web.csproj", "{DE958FAA-09C0-4E82-9FD8-D6F22DEB4147}"
EndProject
Global
	GlobalSection(SolutionConfigurationPlatforms) = preSolution
		Debug|Any CPU = Debug|Any CPU
		Release|Any CPU = Release|Any CPU
	EndGlobalSection
	GlobalSection(ProjectConfigurationPlatforms) = postSolution
		{DE958FAA-09C0-4E82-9FD8-D6F22DEB4147}.Debug|Any CPU.ActiveCfg = Debug|Any CPU
		{DE958FAA-09C0-4E82-9FD8-D6F22DEB4147}.Debug|Any CPU.Build.0 = Debug|Any CPU
		{DE958FAA-09C0-4E82-9FD8-D6F22DEB4147}.Release|Any CPU.ActiveCfg = Release|Any CPU
		{DE958FAA-09C0-4E82-9FD8-D6F22DEB4147}.Release|Any CPU.Build.0 = Release|Any CPU
	EndGlobalSection
	GlobalSection(SolutionProperties) = preSolution
		HideSolutionNode = FALSE
	EndGlobalSection
	GlobalSection(ExtensibilityGlobals) = postSolution
		SolutionGuid = {C3A6913B-DAD3-4398-96E0-09350D53DAF7}
	EndGlobalSection
EndGlobal
